
Microsoft Visual Studio Solution File, Format Version 12.00
# Visual Studio 15
VisualStudioVersion = 15.0.27703.2047
MinimumVisualStudioVersion = 10.0.40219.1
Project("{888888A0-9F3D-457C-B088-3A5042F75D52}") = "sudoku.1", "sudoku.1\sudoku.1.pyproj", "{0D563D2E-98D6-45E7-981D-C0D1B788AF13}"
EndProject
Global
	GlobalSection(SolutionConfigurationPlatforms) = preSolution
		Debug|Any CPU = Debug|Any CPU
		Release|Any CPU = Release|Any CPU
	EndGlobalSection
	GlobalSection(ProjectConfigurationPlatforms) = postSolution
		{0D563D2E-98D6-45E7-981D-C0D1B788AF13}.Debug|Any CPU.ActiveCfg = Debug|Any CPU
		{0D563D2E-98D6-45E7-981D-C0D1B788AF13}.Release|Any CPU.ActiveCfg = Release|Any CPU
	EndGlobalSection
	GlobalSection(SolutionProperties) = preSolution
		HideSolutionNode = FALSE
	EndGlobalSection
	GlobalSection(ExtensibilityGlobals) = postSolution
		SolutionGuid = {5D511047-D973-4D3A-87B0-99CCA8366070}
	EndGlobalSection
EndGlobal
